
Microsoft Visual Studio Solution File, Format Version 12.00
# Visual Studio Version 16
VisualStudioVersion = 16.0.28917.182
MinimumVisualStudioVersion = 10.0.40219.1
Project("{FAE04EC0-301F-11D3-BF4B-00C04F79EFBC}") = "WinForms", "WinForms\WinForms.csproj", "{0701AB3F-65AE-4456-8CF8-4F48E38B1DDD}"
EndProject
Project("{54435603-DBB4-11D2-8724-00A0C9A8B90C}") = "LogicGame", "LogicGame\LogicGame.vdproj", "{89F45E34-41B4-42A7-9747-3547A260DB41}"
EndProject
Global
	GlobalSection(SolutionConfigurationPlatforms) = preSolution
		Debug|Any CPU = Debug|Any CPU
		Release|Any CPU = Release|Any CPU
	EndGlobalSection
	GlobalSection(ProjectConfigurationPlatforms) = postSolution
		{0701AB3F-65AE-4456-8CF8-4F48E38B1DDD}.Debug|Any CPU.ActiveCfg = Debug|Any CPU
		{0701AB3F-65AE-4456-8CF8-4F48E38B1DDD}.Debug|Any CPU.Build.0 = Debug|Any CPU
		{0701AB3F-65AE-4456-8CF8-4F48E38B1DDD}.Release|Any CPU.ActiveCfg = Release|Any CPU
		{0701AB3F-65AE-4456-8CF8-4F48E38B1DDD}.Release|Any CPU.Build.0 = Release|Any CPU
		{89F45E34-41B4-42A7-9747-3547A260DB41}.Debug|Any CPU.ActiveCfg = Debug
		{89F45E34-41B4-42A7-9747-3547A260DB41}.Release|Any CPU.ActiveCfg = Release
	EndGlobalSection
	GlobalSection(SolutionProperties) = preSolution
		HideSolutionNode = FALSE
	EndGlobalSection
	GlobalSection(ExtensibilityGlobals) = postSolution
		SolutionGuid = {9FA5BA2E-638E-4C95-940E-419D5CF353AD}
	EndGlobalSection
EndGlobal
